
Microsoft Visual Studio Solution File, Format Version 12.00
# Visual Studio Version 16
VisualStudioVersion = 16.0.30907.101
MinimumVisualStudioVersion = 10.0.40219.1
Project("{FAE04EC0-301F-11D3-BF4B-00C04F79EFBC}") = "Dictionary", "MyList\Dictionary.csproj", "{5D9C430D-6292-49AA-A86B-5E2CCC39A6C0}"
EndProject
Global
	GlobalSection(SolutionConfigurationPlatforms) = preSolution
		Debug|Any CPU = Debug|Any CPU
		Release|Any CPU = Release|Any CPU
	EndGlobalSection
	GlobalSection(ProjectConfigurationPlatforms) = postSolution
		{5D9C430D-6292-49AA-A86B-5E2CCC39A6C0}.Debug|Any CPU.ActiveCfg = Debug|Any CPU
		{5D9C430D-6292-49AA-A86B-5E2CCC39A6C0}.Debug|Any CPU.Build.0 = Debug|Any CPU
		{5D9C430D-6292-49AA-A86B-5E2CCC39A6C0}.Release|Any CPU.ActiveCfg = Release|Any CPU
		{5D9C430D-6292-49AA-A86B-5E2CCC39A6C0}.Release|Any CPU.Build.0 = Release|Any CPU
	EndGlobalSection
	GlobalSection(SolutionProperties) = preSolution
		HideSolutionNode = FALSE
	EndGlobalSection
	GlobalSection(ExtensibilityGlobals) = postSolution
		SolutionGuid = {481917F4-6F89-4CC5-A72B-1B7E3B510506}
	EndGlobalSection
EndGlobal
